
Microsoft Visual Studio Solution File, Format Version 12.00
# Visual Studio Version 17
VisualStudioVersion = 17.14.37012.4 d17.14
MinimumVisualStudioVersion = 10.0.40219.1
Project("{FAE04EC0-301F-11D3-BF4B-00C04F79EFBC}") = "oop-s2-2-mvc-79189", "oop-s2-2-mvc-79189\oop-s2-2-mvc-79189.csproj", "{D6B9E6E6-F8FE-457A-A3B9-CF6B5A42D720}"
EndProject
Global
	GlobalSection(SolutionConfigurationPlatforms) = preSolution
		Debug|Any CPU = Debug|Any CPU
		Release|Any CPU = Release|Any CPU
	EndGlobalSection
	GlobalSection(ProjectConfigurationPlatforms) = postSolution
		{D6B9E6E6-F8FE-457A-A3B9-CF6B5A42D720}.Debug|Any CPU.ActiveCfg = Debug|Any CPU
		{D6B9E6E6-F8FE-457A-A3B9-CF6B5A42D720}.Debug|Any CPU.Build.0 = Debug|Any CPU
		{D6B9E6E6-F8FE-457A-A3B9-CF6B5A42D720}.Release|Any CPU.ActiveCfg = Release|Any CPU
		{D6B9E6E6-F8FE-457A-A3B9-CF6B5A42D720}.Release|Any CPU.Build.0 = Release|Any CPU
	EndGlobalSection
	GlobalSection(SolutionProperties) = preSolution
		HideSolutionNode = FALSE
	EndGlobalSection
	GlobalSection(ExtensibilityGlobals) = postSolution
		SolutionGuid = {4CE69EDD-0BE8-40A9-BCDA-351FE5C7A75A}
	EndGlobalSection
EndGlobal
